
Microsoft Visual Studio Solution File, Format Version 12.00
# Visual Studio Version 17
VisualStudioVersion = 17.2.32616.157
MinimumVisualStudioVersion = 10.0.40219.1
Project("{FAE04EC0-301F-11D3-BF4B-00C04F79EFBC}") = "GamerWorld", "GamerWorld\GamerWorld.csproj", "{608AFC7A-80DB-441E-98D8-AF986D7DDBE3}"
EndProject
Global
	GlobalSection(SolutionConfigurationPlatforms) = preSolution
		Debug|Any CPU = Debug|Any CPU
		Release|Any CPU = Release|Any CPU
	EndGlobalSection
	GlobalSection(ProjectConfigurationPlatforms) = postSolution
		{608AFC7A-80DB-441E-98D8-AF986D7DDBE3}.Debug|Any CPU.ActiveCfg = Debug|Any CPU
		{608AFC7A-80DB-441E-98D8-AF986D7DDBE3}.Debug|Any CPU.Build.0 = Debug|Any CPU
		{608AFC7A-80DB-441E-98D8-AF986D7DDBE3}.Release|Any CPU.ActiveCfg = Release|Any CPU
		{608AFC7A-80DB-441E-98D8-AF986D7DDBE3}.Release|Any CPU.Build.0 = Release|Any CPU
	EndGlobalSection
	GlobalSection(SolutionProperties) = preSolution
		HideSolutionNode = FALSE
	EndGlobalSection
	GlobalSection(ExtensibilityGlobals) = postSolution
		SolutionGuid = {2F44FE1E-89E8-4F3F-9CF0-D2C12C75AD53}
	EndGlobalSection
EndGlobal
